
Microsoft Visual Studio Solution File, Format Version 12.00
# Visual Studio 15
VisualStudioVersion = 15.0.28307.645
MinimumVisualStudioVersion = 10.0.40219.1
Project("{FAE04EC0-301F-11D3-BF4B-00C04F79EFBC}") = "DY369", "DY369\DY369.csproj", "{F16295D5-04DD-40A6-B910-CF7B91E7068A}"
EndProject
Project("{FAE04EC0-301F-11D3-BF4B-00C04F79EFBC}") = "DY369Tests", "DY369Tests\DY369Tests.csproj", "{9E49C305-280A-47CC-8A38-380B81627D75}"
EndProject
Project("{FAE04EC0-301F-11D3-BF4B-00C04F79EFBC}") = "NUnit.Tests1", "NUnit.Tests1\NUnit.Tests1.csproj", "{8EDF4429-251A-416D-BB68-93F227191BCF}"
EndProject
Project("{FAE04EC0-301F-11D3-BF4B-00C04F79EFBC}") = "SpringIoc", "SpringIoc\SpringIoc.csproj", "{966176CE-3FBC-4D3F-8C1B-B324A96E0C18}"
EndProject
Project("{FAE04EC0-301F-11D3-BF4B-00C04F79EFBC}") = "NancyHttpServiceDemo", "NancyHttpServiceDemo\NancyHttpServiceDemo.csproj", "{19175513-BD74-4531-96A2-1072F2D2CE43}"
EndProject
Project("{FAE04EC0-301F-11D3-BF4B-00C04F79EFBC}") = "NancyHello", "NancyHello\NancyHello.csproj", "{15FFE693-8EDC-4612-AAB0-16726019D295}"
EndProject
Project("{FAE04EC0-301F-11D3-BF4B-00C04F79EFBC}") = "Tools", "Tools\Tools.csproj", "{5A3FA6BD-1102-4B63-93F0-E4F29C7BE68A}"
EndProject
Project("{FAE04EC0-301F-11D3-BF4B-00C04F79EFBC}") = "WindowsService1", "WindowsService1\WindowsService1.csproj", "{928F70D6-4FD0-4EB3-9343-E98931C02C7C}"
EndProject
Global
	GlobalSection(SolutionConfigurationPlatforms) = preSolution
		Debug|Any CPU = Debug|Any CPU
		Debug|x86 = Debug|x86
		local|Any CPU = local|Any CPU
		local|x86 = local|x86
		Release|Any CPU = Release|Any CPU
		Release|x86 = Release|x86
	EndGlobalSection
	GlobalSection(ProjectConfigurationPlatforms) = postSolution
		{F16295D5-04DD-40A6-B910-CF7B91E7068A}.Debug|Any CPU.ActiveCfg = Debug|Any CPU
		{F16295D5-04DD-40A6-B910-CF7B91E7068A}.Debug|Any CPU.Build.0 = Debug|Any CPU
		{F16295D5-04DD-40A6-B910-CF7B91E7068A}.Debug|x86.ActiveCfg = Debug|x86
		{F16295D5-04DD-40A6-B910-CF7B91E7068A}.Debug|x86.Build.0 = Debug|x86
		{F16295D5-04DD-40A6-B910-CF7B91E7068A}.local|Any CPU.ActiveCfg = local|Any CPU
		{F16295D5-04DD-40A6-B910-CF7B91E7068A}.local|Any CPU.Build.0 = local|Any CPU
		{F16295D5-04DD-40A6-B910-CF7B91E7068A}.local|x86.ActiveCfg = local|x86
		{F16295D5-04DD-40A6-B910-CF7B91E7068A}.local|x86.Build.0 = local|x86
		{F16295D5-04DD-40A6-B910-CF7B91E7068A}.Release|Any CPU.ActiveCfg = Release|Any CPU
		{F16295D5-04DD-40A6-B910-CF7B91E7068A}.Release|Any CPU.Build.0 = Release|Any CPU
		{F16295D5-04DD-40A6-B910-CF7B91E7068A}.Release|x86.ActiveCfg = Release|x86
		{F16295D5-04DD-40A6-B910-CF7B91E7068A}.Release|x86.Build.0 = Release|x86
		{9E49C305-280A-47CC-8A38-380B81627D75}.Debug|Any CPU.ActiveCfg = Debug|Any CPU
		{9E49C305-280A-47CC-8A38-380B81627D75}.Debug|Any CPU.Build.0 = Debug|Any CPU
		{9E49C305-280A-47CC-8A38-380B81627D75}.Debug|x86.ActiveCfg = Debug|Any CPU
		{9E49C305-280A-47CC-8A38-380B81627D75}.Debug|x86.Build.0 = Debug|Any CPU
		{9E49C305-280A-47CC-8A38-380B81627D75}.local|Any CPU.ActiveCfg = Release|Any CPU
		{9E49C305-280A-47CC-8A38-380B81627D75}.local|Any CPU.Build.0 = Release|Any CPU
		{9E49C305-280A-47CC-8A38-380B81627D75}.local|x86.ActiveCfg = Release|Any CPU
		{9E49C305-280A-47CC-8A38-380B81627D75}.local|x86.Build.0 = Release|Any CPU
		{9E49C305-280A-47CC-8A38-380B81627D75}.Release|Any CPU.ActiveCfg = Release|Any CPU
		{9E49C305-280A-47CC-8A38-380B81627D75}.Release|Any CPU.Build.0 = Release|Any CPU
		{9E49C305-280A-47CC-8A38-380B81627D75}.Release|x86.ActiveCfg = Release|Any CPU
		{9E49C305-280A-47CC-8A38-380B81627D75}.Release|x86.Build.0 = Release|Any CPU
		{8EDF4429-251A-416D-BB68-93F227191BCF}.Debug|Any CPU.ActiveCfg = Debug|Any CPU
		{8EDF4429-251A-416D-BB68-93F227191BCF}.Debug|Any CPU.Build.0 = Debug|Any CPU
		{8EDF4429-251A-416D-BB68-93F227191BCF}.Debug|x86.ActiveCfg = Debug|Any CPU
		{8EDF4429-251A-416D-BB68-93F227191BCF}.Debug|x86.Build.0 = Debug|Any CPU
		{8EDF4429-251A-416D-BB68-93F227191BCF}.local|Any CPU.ActiveCfg = Release|Any CPU
		{8EDF4429-251A-416D-BB68-93F227191BCF}.local|Any CPU.Build.0 = Release|Any CPU
		{8EDF4429-251A-416D-BB68-93F227191BCF}.local|x86.ActiveCfg = Release|Any CPU
		{8EDF4429-251A-416D-BB68-93F227191BCF}.local|x86.Build.0 = Release|Any CPU
		{8EDF4429-251A-416D-BB68-93F227191BCF}.Release|Any CPU.ActiveCfg = Release|Any CPU
		{8EDF4429-251A-416D-BB68-93F227191BCF}.Release|Any CPU.Build.0 = Release|Any CPU
		{8EDF4429-251A-416D-BB68-93F227191BCF}.Release|x86.ActiveCfg = Release|Any CPU
		{8EDF4429-251A-416D-BB68-93F227191BCF}.Release|x86.Build.0 = Release|Any CPU
		{966176CE-3FBC-4D3F-8C1B-B324A96E0C18}.Debug|Any CPU.ActiveCfg = Debug|Any CPU
		{966176CE-3FBC-4D3F-8C1B-B324A96E0C18}.Debug|Any CPU.Build.0 = Debug|Any CPU
		{966176CE-3FBC-4D3F-8C1B-B324A96E0C18}.Debug|x86.ActiveCfg = Debug|Any CPU
		{966176CE-3FBC-4D3F-8C1B-B324A96E0C18}.Debug|x86.Build.0 = Debug|Any CPU
		{966176CE-3FBC-4D3F-8C1B-B324A96E0C18}.local|Any CPU.ActiveCfg = Release|Any CPU
		{966176CE-3FBC-4D3F-8C1B-B324A96E0C18}.local|Any CPU.Build.0 = Release|Any CPU
		{966176CE-3FBC-4D3F-8C1B-B324A96E0C18}.local|x86.ActiveCfg = Release|Any CPU
		{966176CE-3FBC-4D3F-8C1B-B324A96E0C18}.local|x86.Build.0 = Release|Any CPU
		{966176CE-3FBC-4D3F-8C1B-B324A96E0C18}.Release|Any CPU.ActiveCfg = Release|Any CPU
		{966176CE-3FBC-4D3F-8C1B-B324A96E0C18}.Release|Any CPU.Build.0 = Release|Any CPU
		{966176CE-3FBC-4D3F-8C1B-B324A96E0C18}.Release|x86.ActiveCfg = Release|Any CPU
		{966176CE-3FBC-4D3F-8C1B-B324A96E0C18}.Release|x86.Build.0 = Release|Any CPU
		{19175513-BD74-4531-96A2-1072F2D2CE43}.Debug|Any CPU.ActiveCfg = Debug|Any CPU
		{19175513-BD74-4531-96A2-1072F2D2CE43}.Debug|Any CPU.Build.0 = Debug|Any CPU
		{19175513-BD74-4531-96A2-1072F2D2CE43}.Debug|x86.ActiveCfg = Debug|Any CPU
		{19175513-BD74-4531-96A2-1072F2D2CE43}.Debug|x86.Build.0 = Debug|Any CPU
		{19175513-BD74-4531-96A2-1072F2D2CE43}.local|Any CPU.ActiveCfg = Release|Any CPU
		{19175513-BD74-4531-96A2-1072F2D2CE43}.local|Any CPU.Build.0 = Release|Any CPU
		{19175513-BD74-4531-96A2-1072F2D2CE43}.local|x86.ActiveCfg = Release|Any CPU
		{19175513-BD74-4531-96A2-1072F2D2CE43}.local|x86.Build.0 = Release|Any CPU
		{19175513-BD74-4531-96A2-1072F2D2CE43}.Release|Any CPU.ActiveCfg = Release|Any CPU
		{19175513-BD74-4531-96A2-1072F2D2CE43}.Release|Any CPU.Build.0 = Release|Any CPU
		{19175513-BD74-4531-96A2-1072F2D2CE43}.Release|x86.ActiveCfg = Release|Any CPU
		{19175513-BD74-4531-96A2-1072F2D2CE43}.Release|x86.Build.0 = Release|Any CPU
		{15FFE693-8EDC-4612-AAB0-16726019D295}.Debug|Any CPU.ActiveCfg = Debug|Any CPU
		{15FFE693-8EDC-4612-AAB0-16726019D295}.Debug|Any CPU.Build.0 = Debug|Any CPU
		{15FFE693-8EDC-4612-AAB0-16726019D295}.Debug|x86.ActiveCfg = Debug|Any CPU
		{15FFE693-8EDC-4612-AAB0-16726019D295}.Debug|x86.Build.0 = Debug|Any CPU
		{15FFE693-8EDC-4612-AAB0-16726019D295}.local|Any CPU.ActiveCfg = Release|Any CPU
		{15FFE693-8EDC-4612-AAB0-16726019D295}.local|Any CPU.Build.0 = Release|Any CPU
		{15FFE693-8EDC-4612-AAB0-16726019D295}.local|x86.ActiveCfg = Release|Any CPU
		{15FFE693-8EDC-4612-AAB0-16726019D295}.local|x86.Build.0 = Release|Any CPU
		{15FFE693-8EDC-4612-AAB0-16726019D295}.Release|Any CPU.ActiveCfg = Release|Any CPU
		{15FFE693-8EDC-4612-AAB0-16726019D295}.Release|Any CPU.Build.0 = Release|Any CPU
		{15FFE693-8EDC-4612-AAB0-16726019D295}.Release|x86.ActiveCfg = Release|Any CPU
		{15FFE693-8EDC-4612-AAB0-16726019D295}.Release|x86.Build.0 = Release|Any CPU
		{5A3FA6BD-1102-4B63-93F0-E4F29C7BE68A}.Debug|Any CPU.ActiveCfg = Debug|Any CPU
		{5A3FA6BD-1102-4B63-93F0-E4F29C7BE68A}.Debug|Any CPU.Build.0 = Debug|Any CPU
		{5A3FA6BD-1102-4B63-93F0-E4F29C7BE68A}.Debug|x86.ActiveCfg = Debug|Any CPU
		{5A3FA6BD-1102-4B63-93F0-E4F29C7BE68A}.Debug|x86.Build.0 = Debug|Any CPU
		{5A3FA6BD-1102-4B63-93F0-E4F29C7BE68A}.local|Any CPU.ActiveCfg = Release|Any CPU
		{5A3FA6BD-1102-4B63-93F0-E4F29C7BE68A}.local|Any CPU.Build.0 = Release|Any CPU
		{5A3FA6BD-1102-4B63-93F0-E4F29C7BE68A}.local|x86.ActiveCfg = Release|Any CPU
		{5A3FA6BD-1102-4B63-93F0-E4F29C7BE68A}.local|x86.Build.0 = Release|Any CPU
		{5A3FA6BD-1102-4B63-93F0-E4F29C7BE68A}.Release|Any CPU.ActiveCfg = Release|Any CPU
		{5A3FA6BD-1102-4B63-93F0-E4F29C7BE68A}.Release|Any CPU.Build.0 = Release|Any CPU
		{5A3FA6BD-1102-4B63-93F0-E4F29C7BE68A}.Release|x86.ActiveCfg = Release|Any CPU
		{5A3FA6BD-1102-4B63-93F0-E4F29C7BE68A}.Release|x86.Build.0 = Release|Any CPU
		{928F70D6-4FD0-4EB3-9343-E98931C02C7C}.Debug|Any CPU.ActiveCfg = Debug|Any CPU
		{928F70D6-4FD0-4EB3-9343-E98931C02C7C}.Debug|Any CPU.Build.0 = Debug|Any CPU
		{928F70D6-4FD0-4EB3-9343-E98931C02C7C}.Debug|x86.ActiveCfg = Debug|Any CPU
		{928F70D6-4FD0-4EB3-9343-E98931C02C7C}.Debug|x86.Build.0 = Debug|Any CPU
		{928F70D6-4FD0-4EB3-9343-E98931C02C7C}.local|Any CPU.ActiveCfg = Release|Any CPU
		{928F70D6-4FD0-4EB3-9343-E98931C02C7C}.local|Any CPU.Build.0 = Release|Any CPU
		{928F70D6-4FD0-4EB3-9343-E98931C02C7C}.local|x86.ActiveCfg = Release|Any CPU
		{928F70D6-4FD0-4EB3-9343-E98931C02C7C}.local|x86.Build.0 = Release|Any CPU
		{928F70D6-4FD0-4EB3-9343-E98931C02C7C}.Release|Any CPU.ActiveCfg = Release|Any CPU
		{928F70D6-4FD0-4EB3-9343-E98931C02C7C}.Release|Any CPU.Build.0 = Release|Any CPU
		{928F70D6-4FD0-4EB3-9343-E98931C02C7C}.Release|x86.ActiveCfg = Release|Any CPU
		{928F70D6-4FD0-4EB3-9343-E98931C02C7C}.Release|x86.Build.0 = Release|Any CPU
	EndGlobalSection
	GlobalSection(SolutionProperties) = preSolution
		HideSolutionNode = FALSE
	EndGlobalSection
	GlobalSection(ExtensibilityGlobals) = postSolution
		SolutionGuid = {301EF3A9-F755-45EA-831F-12D763830740}
	EndGlobalSection
EndGlobal
